# Generated by move; do not edit
# This file should be checked in.

[move]
version = 4

[pinned.mainnet.Haneul]
source = { local = "../../deps/haneul-src/crates/haneul-framework/packages/haneul-framework" }
use_environment = "mainnet"
manifest_digest = "CD547CB1ACCE0880C835DAED2D8FFCB91D56C833AE5240D3AA5B918398263195"
deps = { MoveStdlib = "MoveStdlib" }

[pinned.mainnet.MoveStdlib]
source = { local = "../../deps/haneul-src/crates/haneul-framework/packages/move-stdlib" }
use_environment = "mainnet"
manifest_digest = "C4FE4C91DE74CBF223B2E380AE40F592177D21870DC2D7EB6227D2D694E05363"
deps = {}

[pinned.mainnet.authority_cap]
source = { local = "../authority_cap" }
use_environment = "mainnet"
manifest_digest = "A69ED2D4F17BC129ED80DCABF64E7D1E33DF752D930F3748B5099FBF96C07363"
deps = { Haneul = "Haneul", MoveStdlib = "MoveStdlib" }

[pinned.mainnet.oracle_aggregator]
source = { local = "../oracle_aggregator" }
use_environment = "mainnet"
manifest_digest = "D09AFA77025EC8529534A44B64455B02C56419C531D9E77BA9BE88E47B2D52B1"
deps = { Haneul = "Haneul", MoveStdlib = "MoveStdlib", authority_cap = "authority_cap", vendor = "vendor" }

[pinned.mainnet.oracle_pyth]
source = { root = true }
use_environment = "mainnet"
manifest_digest = "FA91EBE714340614C2D1BD89B5EE9194E492DE1E15B49F8D0957FD3592759C1E"
deps = { Haneul = "Haneul", MoveStdlib = "MoveStdlib", authority_cap = "authority_cap", oracle_aggregator = "oracle_aggregator", pyth = "pyth", vendor = "vendor" }

[pinned.mainnet.pyth]
source = { local = "../../deps/haneul-oracle/pyth" }
use_environment = "mainnet"
manifest_digest = "A625D2FD0B83DB93813D822EC9207A93BAE5AAB05890EBF1BCC8856A130033AD"
deps = { Haneul = "Haneul", MoveStdlib = "MoveStdlib", wormhole = "wormhole" }

[pinned.mainnet.vendor]
source = { local = "../vendor" }
use_environment = "mainnet"
manifest_digest = "DEBA0F279422E6B040C5B9244C646BDE0330989DBE1587C3C92814544A15E406"
deps = { Haneul = "Haneul", MoveStdlib = "MoveStdlib", authority_cap = "authority_cap" }

[pinned.mainnet.wormhole]
source = { local = "../../deps/haneul-oracle/wormhole" }
use_environment = "mainnet"
manifest_digest = "3443EB1241B2A48DF71AE9D83F5BD81C8CEF22C82D7BC03B48F908448F472A8E"
deps = { Haneul = "Haneul", MoveStdlib = "MoveStdlib" }
