# Generated by move; do not edit
# This file should be checked in.

[move]
version = 4

[pinned.mainnet.Haneul]
source = { local = "../../deps/haneul-src/crates/haneul-framework/packages/haneul-framework" }
use_environment = "mainnet"
manifest_digest = "CD547CB1ACCE0880C835DAED2D8FFCB91D56C833AE5240D3AA5B918398263195"
deps = { MoveStdlib = "MoveStdlib" }

[pinned.mainnet.MoveStdlib]
source = { local = "../../deps/haneul-src/crates/haneul-framework/packages/move-stdlib" }
use_environment = "mainnet"
manifest_digest = "C4FE4C91DE74CBF223B2E380AE40F592177D21870DC2D7EB6227D2D694E05363"
deps = {}

[pinned.mainnet.authority_cap]
source = { local = "../../packages/authority_cap" }
use_environment = "mainnet"
manifest_digest = "A69ED2D4F17BC129ED80DCABF64E7D1E33DF752D930F3748B5099FBF96C07363"
deps = { Haneul = "Haneul", MoveStdlib = "MoveStdlib" }

[pinned.mainnet.ifixed]
source = { local = "../../packages/ifixed" }
use_environment = "mainnet"
manifest_digest = "A69ED2D4F17BC129ED80DCABF64E7D1E33DF752D930F3748B5099FBF96C07363"
deps = { Haneul = "Haneul", MoveStdlib = "MoveStdlib" }

[pinned.mainnet.market_making_vault]
source = { local = "../../packages/market_making_vault" }
use_environment = "mainnet"
manifest_digest = "9D8F0BAA978871C30542D36366CAA5E9C9DDCAB9EE6495CE063583DA5FCA4D46"
deps = { Haneul = "Haneul", MoveStdlib = "MoveStdlib", authority_cap = "authority_cap", ifixed = "ifixed", oracle_aggregator = "oracle_aggregator", ordered_map = "ordered_map", perpetuals = "perpetuals", perpetuals_orders = "perpetuals_orders", position = "position", vendor = "vendor" }

[pinned.mainnet.oracle_aggregator]
source = { local = "../../packages/oracle_aggregator" }
use_environment = "mainnet"
manifest_digest = "D09AFA77025EC8529534A44B64455B02C56419C531D9E77BA9BE88E47B2D52B1"
deps = { Haneul = "Haneul", MoveStdlib = "MoveStdlib", authority_cap = "authority_cap", vendor = "vendor" }

[pinned.mainnet.ordered_map]
source = { local = "../../packages/ordered_map" }
use_environment = "mainnet"
manifest_digest = "A69ED2D4F17BC129ED80DCABF64E7D1E33DF752D930F3748B5099FBF96C07363"
deps = { Haneul = "Haneul", MoveStdlib = "MoveStdlib" }

[pinned.mainnet.perp_e2e]
source = { root = true }
use_environment = "mainnet"
manifest_digest = "C65333EE41F0ACFCDFD58940B937A5EC2B2FAB829487969E3301FC785DA73AF6"
deps = { Haneul = "Haneul", MoveStdlib = "MoveStdlib", authority_cap = "authority_cap", ifixed = "ifixed", market_making_vault = "market_making_vault", oracle_aggregator = "oracle_aggregator", ordered_map = "ordered_map", perpetuals = "perpetuals", position = "position", vendor = "vendor" }

[pinned.mainnet.perpetuals]
source = { local = "../../packages/perpetuals" }
use_environment = "mainnet"
manifest_digest = "54E8D8EC8CEF23232D995292569F73267A7D73C1D323ACCD8FF2CDDD62A360EA"
deps = { Haneul = "Haneul", MoveStdlib = "MoveStdlib", authority_cap = "authority_cap", ifixed = "ifixed", oracle_aggregator = "oracle_aggregator", ordered_map = "ordered_map", position = "position", vendor = "vendor" }

[pinned.mainnet.perpetuals_orders]
source = { local = "../../packages/perpetuals_orders" }
use_environment = "mainnet"
manifest_digest = "0C2CA209E1D53014EEEA181B62DEC8F931E3B2943BD42278997609A7AFE9F2DF"
deps = { Haneul = "Haneul", MoveStdlib = "MoveStdlib", authority_cap = "authority_cap", ifixed = "ifixed", oracle_aggregator = "oracle_aggregator", perpetuals = "perpetuals" }

[pinned.mainnet.position]
source = { local = "../../packages/position" }
use_environment = "mainnet"
manifest_digest = "EE0E062809A9C397199BE00F7487A30D6DD2E44F48AE1D30417DA5489B47FF0F"
deps = { Haneul = "Haneul", MoveStdlib = "MoveStdlib", ifixed = "ifixed" }

[pinned.mainnet.vendor]
source = { local = "../../packages/vendor" }
use_environment = "mainnet"
manifest_digest = "DEBA0F279422E6B040C5B9244C646BDE0330989DBE1587C3C92814544A15E406"
deps = { Haneul = "Haneul", MoveStdlib = "MoveStdlib", authority_cap = "authority_cap" }
