# Generated by move; do not edit
# This file should be checked in.

[move]
version = 4

[pinned.mainnet.Haneul]
source = { local = "../../deps/haneul-src/crates/haneul-framework/packages/haneul-framework" }
use_environment = "mainnet"
manifest_digest = "CD547CB1ACCE0880C835DAED2D8FFCB91D56C833AE5240D3AA5B918398263195"
deps = { MoveStdlib = "MoveStdlib" }

[pinned.mainnet.MoveStdlib]
source = { local = "../../deps/haneul-src/crates/haneul-framework/packages/move-stdlib" }
use_environment = "mainnet"
manifest_digest = "C4FE4C91DE74CBF223B2E380AE40F592177D21870DC2D7EB6227D2D694E05363"
deps = {}

[pinned.mainnet.authority_cap]
source = { local = "../authority_cap" }
use_environment = "mainnet"
manifest_digest = "A69ED2D4F17BC129ED80DCABF64E7D1E33DF752D930F3748B5099FBF96C07363"
deps = { Haneul = "Haneul", MoveStdlib = "MoveStdlib" }

[pinned.mainnet.ifixed]
source = { local = "../ifixed" }
use_environment = "mainnet"
manifest_digest = "A69ED2D4F17BC129ED80DCABF64E7D1E33DF752D930F3748B5099FBF96C07363"
deps = { Haneul = "Haneul", MoveStdlib = "MoveStdlib" }

[pinned.mainnet.market_making_vault]
source = { root = true }
use_environment = "mainnet"
manifest_digest = "2C95661F8C3A4A416B6745C6B826E357ECF9E73C95EE6DC71D5F1B6A4F715033"
deps = { Haneul = "Haneul", MoveStdlib = "MoveStdlib", authority_cap = "authority_cap", ifixed = "ifixed", oracle_aggregator = "oracle_aggregator", ordered_map = "ordered_map", perpetuals = "perpetuals", position = "position", vendor = "vendor" }

[pinned.mainnet.oracle_aggregator]
source = { local = "../oracle_aggregator" }
use_environment = "mainnet"
manifest_digest = "D09AFA77025EC8529534A44B64455B02C56419C531D9E77BA9BE88E47B2D52B1"
deps = { Haneul = "Haneul", MoveStdlib = "MoveStdlib", authority_cap = "authority_cap", vendor = "vendor" }

[pinned.mainnet.ordered_map]
source = { local = "../ordered_map" }
use_environment = "mainnet"
manifest_digest = "A69ED2D4F17BC129ED80DCABF64E7D1E33DF752D930F3748B5099FBF96C07363"
deps = { Haneul = "Haneul", MoveStdlib = "MoveStdlib" }

[pinned.mainnet.perpetuals]
source = { local = "../perpetuals" }
use_environment = "mainnet"
manifest_digest = "54E8D8EC8CEF23232D995292569F73267A7D73C1D323ACCD8FF2CDDD62A360EA"
deps = { Haneul = "Haneul", MoveStdlib = "MoveStdlib", authority_cap = "authority_cap", ifixed = "ifixed", oracle_aggregator = "oracle_aggregator", ordered_map = "ordered_map", position = "position", vendor = "vendor" }

[pinned.mainnet.position]
source = { local = "../position" }
use_environment = "mainnet"
manifest_digest = "EE0E062809A9C397199BE00F7487A30D6DD2E44F48AE1D30417DA5489B47FF0F"
deps = { Haneul = "Haneul", MoveStdlib = "MoveStdlib", ifixed = "ifixed" }

[pinned.mainnet.vendor]
source = { local = "../vendor" }
use_environment = "mainnet"
manifest_digest = "DEBA0F279422E6B040C5B9244C646BDE0330989DBE1587C3C92814544A15E406"
deps = { Haneul = "Haneul", MoveStdlib = "MoveStdlib", authority_cap = "authority_cap" }
