# Generated by move; do not edit
# This file should be checked in.

[move]
version = 4

[pinned.mainnet.Haneul]
source = { local = "../../deps/haneul-src/crates/haneul-framework/packages/haneul-framework" }
use_environment = "mainnet"
manifest_digest = "CD547CB1ACCE0880C835DAED2D8FFCB91D56C833AE5240D3AA5B918398263195"
deps = { MoveStdlib = "MoveStdlib" }

[pinned.mainnet.MoveStdlib]
source = { local = "../../deps/haneul-src/crates/haneul-framework/packages/move-stdlib" }
use_environment = "mainnet"
manifest_digest = "C4FE4C91DE74CBF223B2E380AE40F592177D21870DC2D7EB6227D2D694E05363"
deps = {}

[pinned.mainnet.ifixed]
source = { local = "../ifixed" }
use_environment = "mainnet"
manifest_digest = "A69ED2D4F17BC129ED80DCABF64E7D1E33DF752D930F3748B5099FBF96C07363"
deps = { Haneul = "Haneul", MoveStdlib = "MoveStdlib" }

[pinned.mainnet.position]
source = { root = true }
use_environment = "mainnet"
manifest_digest = "EE0E062809A9C397199BE00F7487A30D6DD2E44F48AE1D30417DA5489B47FF0F"
deps = { Haneul = "Haneul", MoveStdlib = "MoveStdlib", ifixed = "ifixed" }
