# Generated by move; do not edit
# This file should be checked in.

[move]
version = 4

[pinned.mainnet.Haneul]
source = { local = "../../deps/haneul-src/crates/haneul-framework/packages/haneul-framework" }
use_environment = "mainnet"
manifest_digest = "CD547CB1ACCE0880C835DAED2D8FFCB91D56C833AE5240D3AA5B918398263195"
deps = { MoveStdlib = "MoveStdlib" }

[pinned.mainnet.HaneulSystem]
source = { local = "../../deps/haneul-src/crates/haneul-framework/packages/haneul-system" }
use_environment = "mainnet"
manifest_digest = "CAB5F327C758DA123E447888BAA2A81FFE657ED5EA59A664862B620FF61DB329"
deps = { Haneul = "Haneul", MoveStdlib = "MoveStdlib" }

[pinned.mainnet.MoveStdlib]
source = { local = "../../deps/haneul-src/crates/haneul-framework/packages/move-stdlib" }
use_environment = "mainnet"
manifest_digest = "C4FE4C91DE74CBF223B2E380AE40F592177D21870DC2D7EB6227D2D694E05363"
deps = {}

[pinned.mainnet.staking_tiers]
source = { root = true }
use_environment = "mainnet"
manifest_digest = "1ACAC3B199D7E30BF58B9360B2123C76B93085DE8765067B101044B2D6D3F06F"
deps = { Haneul = "Haneul", HaneulSystem = "HaneulSystem", MoveStdlib = "MoveStdlib" }
